
Microsoft Visual Studio Solution File, Format Version 12.00
# Visual Studio Version 17
VisualStudioVersion = 17.13.35919.96
MinimumVisualStudioVersion = 10.0.40219.1
Project("{FAE04EC0-301F-11D3-BF4B-00C04F79EFBC}") = "RaymiMusic.Api", "RaymiMusic.Web\RaymiMusic.Api.csproj", "{20AD4F75-709D-423C-A261-07B5F4E59359}"
EndProject
Project("{FAE04EC0-301F-11D3-BF4B-00C04F79EFBC}") = "RaymiMusic.Modelos", "RaymiMusic.Modelos\RaymiMusic.Modelos.csproj", "{A41E1E8F-4F2A-4D2D-9207-A6FFFF900E86}"
EndProject
Project("{FAE04EC0-301F-11D3-BF4B-00C04F79EFBC}") = "RaymiMusic.Api.Consumer", "RaymiMusic.Api.Consumer\RaymiMusic.Api.Consumer.csproj", "{5320CA0F-2559-4C6F-94B8-EBA7B214D776}"
EndProject
Project("{FAE04EC0-301F-11D3-BF4B-00C04F79EFBC}") = "RaymiMusic.AppWeb", "RaymiMusic.AppWeb\RaymiMusic.AppWeb.csproj", "{DF1092B2-32B0-4B4E-8E33-111A977864F8}"
EndProject
Global
	GlobalSection(SolutionConfigurationPlatforms) = preSolution
		Debug|Any CPU = Debug|Any CPU
		Release|Any CPU = Release|Any CPU
	EndGlobalSection
	GlobalSection(ProjectConfigurationPlatforms) = postSolution
		{20AD4F75-709D-423C-A261-07B5F4E59359}.Debug|Any CPU.ActiveCfg = Debug|Any CPU
		{20AD4F75-709D-423C-A261-07B5F4E59359}.Debug|Any CPU.Build.0 = Debug|Any CPU
		{20AD4F75-709D-423C-A261-07B5F4E59359}.Release|Any CPU.ActiveCfg = Release|Any CPU
		{20AD4F75-709D-423C-A261-07B5F4E59359}.Release|Any CPU.Build.0 = Release|Any CPU
		{A41E1E8F-4F2A-4D2D-9207-A6FFFF900E86}.Debug|Any CPU.ActiveCfg = Debug|Any CPU
		{A41E1E8F-4F2A-4D2D-9207-A6FFFF900E86}.Debug|Any CPU.Build.0 = Debug|Any CPU
		{A41E1E8F-4F2A-4D2D-9207-A6FFFF900E86}.Release|Any CPU.ActiveCfg = Release|Any CPU
		{A41E1E8F-4F2A-4D2D-9207-A6FFFF900E86}.Release|Any CPU.Build.0 = Release|Any CPU
		{5320CA0F-2559-4C6F-94B8-EBA7B214D776}.Debug|Any CPU.ActiveCfg = Debug|Any CPU
		{5320CA0F-2559-4C6F-94B8-EBA7B214D776}.Debug|Any CPU.Build.0 = Debug|Any CPU
		{5320CA0F-2559-4C6F-94B8-EBA7B214D776}.Release|Any CPU.ActiveCfg = Release|Any CPU
		{5320CA0F-2559-4C6F-94B8-EBA7B214D776}.Release|Any CPU.Build.0 = Release|Any CPU
		{DF1092B2-32B0-4B4E-8E33-111A977864F8}.Debug|Any CPU.ActiveCfg = Debug|Any CPU
		{DF1092B2-32B0-4B4E-8E33-111A977864F8}.Debug|Any CPU.Build.0 = Debug|Any CPU
		{DF1092B2-32B0-4B4E-8E33-111A977864F8}.Release|Any CPU.ActiveCfg = Release|Any CPU
		{DF1092B2-32B0-4B4E-8E33-111A977864F8}.Release|Any CPU.Build.0 = Release|Any CPU
	EndGlobalSection
	GlobalSection(SolutionProperties) = preSolution
		HideSolutionNode = FALSE
	EndGlobalSection
	GlobalSection(ExtensibilityGlobals) = postSolution
		SolutionGuid = {6C862392-FEF0-4BD2-AC7C-B7F4BB97EFB5}
	EndGlobalSection
EndGlobal
